
Microsoft Visual Studio Solution File, Format Version 12.00
# Visual Studio 15
VisualStudioVersion = 15.0.27130.2027
MinimumVisualStudioVersion = 10.0.40219.1
Project("{FAE04EC0-301F-11D3-BF4B-00C04F79EFBC}") = "XamarinSqlite.Android", "XamarinSqlite\XamarinSqlite.Android\XamarinSqlite.Android.csproj", "{10FB48B8-AEFA-486C-B039-4A2D27DA5886}"
EndProject
Project("{FAE04EC0-301F-11D3-BF4B-00C04F79EFBC}") = "XamarinSqlite", "XamarinSqlite\XamarinSqlite\XamarinSqlite.csproj", "{4695D70D-9026-43C9-BD22-F70523265FFC}"
EndProject
Global
	GlobalSection(SolutionConfigurationPlatforms) = preSolution
		Debug|Any CPU = Debug|Any CPU
		Release|Any CPU = Release|Any CPU
	EndGlobalSection
	GlobalSection(ProjectConfigurationPlatforms) = postSolution
		{10FB48B8-AEFA-486C-B039-4A2D27DA5886}.Debug|Any CPU.ActiveCfg = Debug|Any CPU
		{10FB48B8-AEFA-486C-B039-4A2D27DA5886}.Debug|Any CPU.Build.0 = Debug|Any CPU
		{10FB48B8-AEFA-486C-B039-4A2D27DA5886}.Debug|Any CPU.Deploy.0 = Debug|Any CPU
		{10FB48B8-AEFA-486C-B039-4A2D27DA5886}.Release|Any CPU.ActiveCfg = Release|Any CPU
		{10FB48B8-AEFA-486C-B039-4A2D27DA5886}.Release|Any CPU.Build.0 = Release|Any CPU
		{10FB48B8-AEFA-486C-B039-4A2D27DA5886}.Release|Any CPU.Deploy.0 = Release|Any CPU
		{4695D70D-9026-43C9-BD22-F70523265FFC}.Debug|Any CPU.ActiveCfg = Debug|Any CPU
		{4695D70D-9026-43C9-BD22-F70523265FFC}.Debug|Any CPU.Build.0 = Debug|Any CPU
		{4695D70D-9026-43C9-BD22-F70523265FFC}.Release|Any CPU.ActiveCfg = Release|Any CPU
		{4695D70D-9026-43C9-BD22-F70523265FFC}.Release|Any CPU.Build.0 = Release|Any CPU
	EndGlobalSection
	GlobalSection(SolutionProperties) = preSolution
		HideSolutionNode = FALSE
	EndGlobalSection
	GlobalSection(ExtensibilityGlobals) = postSolution
		SolutionGuid = {3EDD2F6B-913E-4B3A-82C3-0FC051C27F9D}
	EndGlobalSection
EndGlobal
